
Microsoft Visual Studio Solution File, Format Version 12.00
# Visual Studio Version 16
VisualStudioVersion = 16.0.30204.135
MinimumVisualStudioVersion = 10.0.40219.1
Project("{FAE04EC0-301F-11D3-BF4B-00C04F79EFBC}") = "ProyectoIntegrador", "ProyectoIntegrador\ProyectoIntegrador.csproj", "{5CD38F4D-A1BE-479A-8DC1-FCCE299C2F8E}"
EndProject
Global
	GlobalSection(SolutionConfigurationPlatforms) = preSolution
		Debug|Any CPU = Debug|Any CPU
		Release|Any CPU = Release|Any CPU
	EndGlobalSection
	GlobalSection(ProjectConfigurationPlatforms) = postSolution
		{5CD38F4D-A1BE-479A-8DC1-FCCE299C2F8E}.Debug|Any CPU.ActiveCfg = Debug|Any CPU
		{5CD38F4D-A1BE-479A-8DC1-FCCE299C2F8E}.Debug|Any CPU.Build.0 = Debug|Any CPU
		{5CD38F4D-A1BE-479A-8DC1-FCCE299C2F8E}.Release|Any CPU.ActiveCfg = Release|Any CPU
		{5CD38F4D-A1BE-479A-8DC1-FCCE299C2F8E}.Release|Any CPU.Build.0 = Release|Any CPU
	EndGlobalSection
	GlobalSection(SolutionProperties) = preSolution
		HideSolutionNode = FALSE
	EndGlobalSection
	GlobalSection(ExtensibilityGlobals) = postSolution
		SolutionGuid = {0B26CCF1-2955-4B28-82D1-164C5B665F7D}
	EndGlobalSection
EndGlobal
